{
  "originHash" : "6afc0d9cc2e22ef1b15ebdc65e5e62a081f5d671f246974f62e81cfa0c0967da",
  "pins" : [
    {
      "identity" : "couchbase-lite-ios",
      "kind" : "remoteSourceControl",
      "location" : "https://github.com/couchbase/couchbase-lite-ios.git",
      "state" : {
        "revision" : "e57f1dc00c5ccdc6bd624b1303e4e281b32db7dd",
        "version" : "3.3.0"
      }
    },
    {
      "identity" : "swinject",
      "kind" : "remoteSourceControl",
      "location" : "https://github.com/Swinject/Swinject",
      "state" : {
        "revision" : "3125943807991bc271d366205d98713696d65a1f",
        "version" : "2.8.8"
      }
    }
  ],
  "version" : 3
}
